
Microsoft Visual Studio Solution File, Format Version 12.00
# Visual Studio Version 17
VisualStudioVersion = 17.6.33829.357
MinimumVisualStudioVersion = 10.0.40219.1
Project("{FAE04EC0-301F-11D3-BF4B-00C04F79EFBC}") = "Options.File.Checker", "Options.File.Checker.csproj", "{03DBB97B-4007-460E-9DC0-69DAD1DE56F8}"
EndProject
Global
	GlobalSection(SolutionConfigurationPlatforms) = preSolution
		Debug|Any CPU = Debug|Any CPU
		Release|Any CPU = Release|Any CPU
	EndGlobalSection
	GlobalSection(ProjectConfigurationPlatforms) = postSolution
		{03DBB97B-4007-460E-9DC0-69DAD1DE56F8}.Debug|Any CPU.ActiveCfg = Debug|Any CPU
		{03DBB97B-4007-460E-9DC0-69DAD1DE56F8}.Debug|Any CPU.Build.0 = Debug|Any CPU
		{03DBB97B-4007-460E-9DC0-69DAD1DE56F8}.Release|Any CPU.ActiveCfg = Release|Any CPU
		{03DBB97B-4007-460E-9DC0-69DAD1DE56F8}.Release|Any CPU.Build.0 = Release|Any CPU
	EndGlobalSection
	GlobalSection(SolutionProperties) = preSolution
		HideSolutionNode = FALSE
	EndGlobalSection
	GlobalSection(ExtensibilityGlobals) = postSolution
		SolutionGuid = {18D9A3F7-F7CC-48AB-8F72-08562D89D9C3}
	EndGlobalSection
EndGlobal
